// !$*UTF8*$!
{
	archiveVersion = 1;
	classes = {
	};
	objectVersion = 56;
	objects = {

/* Begin PBXBuildFile section */
		669896962B95891200FD22EA /* IndicatorFooterView.swift in Sources */ = {isa = PBXBuildFile; fileRef = 669896952B95891200FD22EA /* IndicatorFooterView.swift */; };
		669896982B958D1100FD22EA /* ItemIndexable.swift in Sources */ = {isa = PBXBuildFile; fileRef = 669896972B958D1100FD22EA /* ItemIndexable.swift */; };
		951F7B9B2B931912008B5808 /* SectionModel.swift in Sources */ = {isa = PBXBuildFile; fileRef = 951F7B9A2B931912008B5808 /* SectionModel.swift */; };
		951F7BB42B935EBF008B5808 /* MainVC+Search.swift in Sources */ = {isa = PBXBuildFile; fileRef = 951F7BB32B935EBF008B5808 /* MainVC+Search.swift */; };
		951F7BB72B9362FB008B5808 /* BaseTargetType.swift in Sources */ = {isa = PBXBuildFile; fileRef = 951F7BB62B9362FB008B5808 /* BaseTargetType.swift */; };
		951F7BB92B936323008B5808 /* Network.swift in Sources */ = {isa = PBXBuildFile; fileRef = 951F7BB82B936323008B5808 /* Network.swift */; };
		951F7BBB2B93633D008B5808 /* NetworkURL.swift in Sources */ = {isa = PBXBuildFile; fileRef = 951F7BBA2B93633D008B5808 /* NetworkURL.swift */; };
		951F7BBE2B936399008B5808 /* MainRepository.swift in Sources */ = {isa = PBXBuildFile; fileRef = 951F7BBD2B936399008B5808 /* MainRepository.swift */; };
		951F7BC12B93641C008B5808 /* KeywordResultAPI.swift in Sources */ = {isa = PBXBuildFile; fileRef = 951F7BC02B93641C008B5808 /* KeywordResultAPI.swift */; };
		951F7BC32B936451008B5808 /* ResultTargetType.swift in Sources */ = {isa = PBXBuildFile; fileRef = 951F7BC22B936451008B5808 /* ResultTargetType.swift */; };
		951F7BC52B936474008B5808 /* RequestDTO.swift in Sources */ = {isa = PBXBuildFile; fileRef = 951F7BC42B936474008B5808 /* RequestDTO.swift */; };
		951F7BC92B936576008B5808 /* ResultResponseDTO.swift in Sources */ = {isa = PBXBuildFile; fileRef = 951F7BC82B936576008B5808 /* ResultResponseDTO.swift */; };
		951F7BE42B94328D008B5808 /* UserDefaultsManasger.swift in Sources */ = {isa = PBXBuildFile; fileRef = 951F7BE32B94328D008B5808 /* UserDefaultsManasger.swift */; };
		951F7BE92B9435A6008B5808 /* ResultLayerView.swift in Sources */ = {isa = PBXBuildFile; fileRef = 951F7BE82B9435A6008B5808 /* ResultLayerView.swift */; };
		951F7BEC2B9437B2008B5808 /* SearchUpdateCell.swift in Sources */ = {isa = PBXBuildFile; fileRef = 951F7BEB2B9437B2008B5808 /* SearchUpdateCell.swift */; };
		951F7BF42B94483C008B5808 /* MainVC+Delegate.swift in Sources */ = {isa = PBXBuildFile; fileRef = 951F7BF32B94483C008B5808 /* MainVC+Delegate.swift */; };
		951F7BF72B946CA3008B5808 /* ResultCell.swift in Sources */ = {isa = PBXBuildFile; fileRef = 951F7BF62B946CA3008B5808 /* ResultCell.swift */; };
		951F7BFA2B946E72008B5808 /* ResultViewModel.swift in Sources */ = {isa = PBXBuildFile; fileRef = 951F7BF92B946E72008B5808 /* ResultViewModel.swift */; };
		951F7BFE2B947EB3008B5808 /* Encodable.swift in Sources */ = {isa = PBXBuildFile; fileRef = 951F7BFD2B947EB3008B5808 /* Encodable.swift */; };
		951F7C002B9485BF008B5808 /* ResultViewController.swift in Sources */ = {isa = PBXBuildFile; fileRef = 951F7BFF2B9485BF008B5808 /* ResultViewController.swift */; };
		951F7C022B94953B008B5808 /* WebViewCoordinator.swift in Sources */ = {isa = PBXBuildFile; fileRef = 951F7C012B94953B008B5808 /* WebViewCoordinator.swift */; };
		951F7C052B9495D4008B5808 /* WebViewController.swift in Sources */ = {isa = PBXBuildFile; fileRef = 951F7C042B9495D4008B5808 /* WebViewController.swift */; };
		951F7C082B94962B008B5808 /* WebViewModel.swift in Sources */ = {isa = PBXBuildFile; fileRef = 951F7C072B94962B008B5808 /* WebViewModel.swift */; };
		951F7C0B2B9497F0008B5808 /* WebDIContainer.swift in Sources */ = {isa = PBXBuildFile; fileRef = 951F7C0A2B9497F0008B5808 /* WebDIContainer.swift */; };
		9570ABA22B91712700508D7E /* AppFlowCoordinator.swift in Sources */ = {isa = PBXBuildFile; fileRef = 9570ABA12B91712700508D7E /* AppFlowCoordinator.swift */; };
		9570ABA42B91717100508D7E /* AppDIContainer.swift in Sources */ = {isa = PBXBuildFile; fileRef = 9570ABA32B91717100508D7E /* AppDIContainer.swift */; };
		9570ABA62B91718400508D7E /* MainDIContainer.swift in Sources */ = {isa = PBXBuildFile; fileRef = 9570ABA52B91718400508D7E /* MainDIContainer.swift */; };
		9570ABA82B91719A00508D7E /* MainCoordinator.swift in Sources */ = {isa = PBXBuildFile; fileRef = 9570ABA72B91719A00508D7E /* MainCoordinator.swift */; };
		9570ABAA2B9177D900508D7E /* MainViewModel.swift in Sources */ = {isa = PBXBuildFile; fileRef = 9570ABA92B9177D900508D7E /* MainViewModel.swift */; };
		9570ABAD2B9178DC00508D7E /* MainUseCase.swift in Sources */ = {isa = PBXBuildFile; fileRef = 9570ABAC2B9178DC00508D7E /* MainUseCase.swift */; };
		9570ABB02B91795D00508D7E /* MainRepositoryProtocol.swift in Sources */ = {isa = PBXBuildFile; fileRef = 9570ABAF2B91795D00508D7E /* MainRepositoryProtocol.swift */; };
		9570ABB32B917D5C00508D7E /* UINavigation+.swift in Sources */ = {isa = PBXBuildFile; fileRef = 9570ABB22B917D5C00508D7E /* UINavigation+.swift */; };
		9570ABB62B9185D200508D7E /* MainLayerView.swift in Sources */ = {isa = PBXBuildFile; fileRef = 9570ABB52B9185D200508D7E /* MainLayerView.swift */; };
		9570ABB92B91869200508D7E /* RecentSearchCell.swift in Sources */ = {isa = PBXBuildFile; fileRef = 9570ABB82B91869200508D7E /* RecentSearchCell.swift */; };
		9570ABBD2B918E4B00508D7E /* ColorAsset.xcassets in Resources */ = {isa = PBXBuildFile; fileRef = 9570ABBC2B918E4B00508D7E /* ColorAsset.xcassets */; };
		9570ABC02B91924600508D7E /* LeftAlignedCollectionViewFlowLayout.swift in Sources */ = {isa = PBXBuildFile; fileRef = 9570ABBF2B91924600508D7E /* LeftAlignedCollectionViewFlowLayout.swift */; };
		9570ABC22B91953100508D7E /* CustomHeaderView.swift in Sources */ = {isa = PBXBuildFile; fileRef = 9570ABC12B91953100508D7E /* CustomHeaderView.swift */; };
		9570ABC42B91953900508D7E /* CustomFooterView.swift in Sources */ = {isa = PBXBuildFile; fileRef = 9570ABC32B91953900508D7E /* CustomFooterView.swift */; };
		95D5F1142B95F41500020483 /* RateLimiView.swift in Sources */ = {isa = PBXBuildFile; fileRef = 95D5F1132B95F41500020483 /* RateLimiView.swift */; };
		95DD7F5F2B916BD6002E8666 /* AppDelegate.swift in Sources */ = {isa = PBXBuildFile; fileRef = 95DD7F5E2B916BD6002E8666 /* AppDelegate.swift */; };
		95DD7F612B916BD6002E8666 /* SceneDelegate.swift in Sources */ = {isa = PBXBuildFile; fileRef = 95DD7F602B916BD6002E8666 /* SceneDelegate.swift */; };
		95DD7F632B916BD6002E8666 /* MainViewController.swift in Sources */ = {isa = PBXBuildFile; fileRef = 95DD7F622B916BD6002E8666 /* MainViewController.swift */; };
		95DD7F682B916BD6002E8666 /* Assets.xcassets in Resources */ = {isa = PBXBuildFile; fileRef = 95DD7F672B916BD6002E8666 /* Assets.xcassets */; };
		95DD7F6B2B916BD6002E8666 /* LaunchScreen.storyboard in Resources */ = {isa = PBXBuildFile; fileRef = 95DD7F692B916BD6002E8666 /* LaunchScreen.storyboard */; };
		EF3209390A54C32636E19D89 /* Pods_iosSearchApp.framework in Frameworks */ = {isa = PBXBuildFile; fileRef = A19D0B836D554367C4E0F1AC /* Pods_iosSearchApp.framework */; };
/* End PBXBuildFile section */

/* Begin PBXFileReference section */
		0E7977BC12C244BC0EB30175 /* Pods-iosSearchApp.debug.xcconfig */ = {isa = PBXFileReference; includeInIndex = 1; lastKnownFileType = text.xcconfig; name = "Pods-iosSearchApp.debug.xcconfig"; path = "Target Support Files/Pods-iosSearchApp/Pods-iosSearchApp.debug.xcconfig"; sourceTree = "<group>"; };
		15820D598A0B89476B9A3330 /* Pods-iosSearchApp.release.xcconfig */ = {isa = PBXFileReference; includeInIndex = 1; lastKnownFileType = text.xcconfig; name = "Pods-iosSearchApp.release.xcconfig"; path = "Target Support Files/Pods-iosSearchApp/Pods-iosSearchApp.release.xcconfig"; sourceTree = "<group>"; };
		669896952B95891200FD22EA /* IndicatorFooterView.swift */ = {isa = PBXFileReference; lastKnownFileType = sourcecode.swift; path = IndicatorFooterView.swift; sourceTree = "<group>"; };
		669896972B958D1100FD22EA /* ItemIndexable.swift */ = {isa = PBXFileReference; lastKnownFileType = sourcecode.swift; path = ItemIndexable.swift; sourceTree = "<group>"; };
		951F7B9A2B931912008B5808 /* SectionModel.swift */ = {isa = PBXFileReference; lastKnownFileType = sourcecode.swift; path = SectionModel.swift; sourceTree = "<group>"; };
		951F7BB32B935EBF008B5808 /* MainVC+Search.swift */ = {isa = PBXFileReference; lastKnownFileType = sourcecode.swift; path = "MainVC+Search.swift"; sourceTree = "<group>"; };
		951F7BB62B9362FB008B5808 /* BaseTargetType.swift */ = {isa = PBXFileReference; lastKnownFileType = sourcecode.swift; path = BaseTargetType.swift; sourceTree = "<group>"; };
		951F7BB82B936323008B5808 /* Network.swift */ = {isa = PBXFileReference; lastKnownFileType = sourcecode.swift; path = Network.swift; sourceTree = "<group>"; };
		951F7BBA2B93633D008B5808 /* NetworkURL.swift */ = {isa = PBXFileReference; lastKnownFileType = sourcecode.swift; path = NetworkURL.swift; sourceTree = "<group>"; };
		951F7BBD2B936399008B5808 /* MainRepository.swift */ = {isa = PBXFileReference; lastKnownFileType = sourcecode.swift; path = MainRepository.swift; sourceTree = "<group>"; };
		951F7BC02B93641C008B5808 /* KeywordResultAPI.swift */ = {isa = PBXFileReference; lastKnownFileType = sourcecode.swift; path = KeywordResultAPI.swift; sourceTree = "<group>"; };
		951F7BC22B936451008B5808 /* ResultTargetType.swift */ = {isa = PBXFileReference; lastKnownFileType = sourcecode.swift; path = ResultTargetType.swift; sourceTree = "<group>"; };
		951F7BC42B936474008B5808 /* RequestDTO.swift */ = {isa = PBXFileReference; lastKnownFileType = sourcecode.swift; path = RequestDTO.swift; sourceTree = "<group>"; };
		951F7BC82B936576008B5808 /* ResultResponseDTO.swift */ = {isa = PBXFileReference; lastKnownFileType = sourcecode.swift; path = ResultResponseDTO.swift; sourceTree = "<group>"; };
		951F7BE32B94328D008B5808 /* UserDefaultsManasger.swift */ = {isa = PBXFileReference; lastKnownFileType = sourcecode.swift; path = UserDefaultsManasger.swift; sourceTree = "<group>"; };
		951F7BE82B9435A6008B5808 /* ResultLayerView.swift */ = {isa = PBXFileReference; lastKnownFileType = sourcecode.swift; path = ResultLayerView.swift; sourceTree = "<group>"; };
		951F7BEB2B9437B2008B5808 /* SearchUpdateCell.swift */ = {isa = PBXFileReference; lastKnownFileType = sourcecode.swift; path = SearchUpdateCell.swift; sourceTree = "<group>"; };
		951F7BF32B94483C008B5808 /* MainVC+Delegate.swift */ = {isa = PBXFileReference; lastKnownFileType = sourcecode.swift; path = "MainVC+Delegate.swift"; sourceTree = "<group>"; };
		951F7BF62B946CA3008B5808 /* ResultCell.swift */ = {isa = PBXFileReference; lastKnownFileType = sourcecode.swift; name = ResultCell.swift; path = iosSearchApp/Presentation/Main/View/ResultCell.swift; sourceTree = SOURCE_ROOT; };
		951F7BF92B946E72008B5808 /* ResultViewModel.swift */ = {isa = PBXFileReference; lastKnownFileType = sourcecode.swift; path = ResultViewModel.swift; sourceTree = "<group>"; };
		951F7BFD2B947EB3008B5808 /* Encodable.swift */ = {isa = PBXFileReference; lastKnownFileType = sourcecode.swift; path = Encodable.swift; sourceTree = "<group>"; };
		951F7BFF2B9485BF008B5808 /* ResultViewController.swift */ = {isa = PBXFileReference; lastKnownFileType = sourcecode.swift; path = ResultViewController.swift; sourceTree = "<group>"; };
		951F7C012B94953B008B5808 /* WebViewCoordinator.swift */ = {isa = PBXFileReference; lastKnownFileType = sourcecode.swift; path = WebViewCoordinator.swift; sourceTree = "<group>"; };
		951F7C042B9495D4008B5808 /* WebViewController.swift */ = {isa = PBXFileReference; lastKnownFileType = sourcecode.swift; path = WebViewController.swift; sourceTree = "<group>"; };
		951F7C072B94962B008B5808 /* WebViewModel.swift */ = {isa = PBXFileReference; lastKnownFileType = sourcecode.swift; path = WebViewModel.swift; sourceTree = "<group>"; };
		951F7C0A2B9497F0008B5808 /* WebDIContainer.swift */ = {isa = PBXFileReference; lastKnownFileType = sourcecode.swift; path = WebDIContainer.swift; sourceTree = "<group>"; };
		9570ABA12B91712700508D7E /* AppFlowCoordinator.swift */ = {isa = PBXFileReference; lastKnownFileType = sourcecode.swift; path = AppFlowCoordinator.swift; sourceTree = "<group>"; };
		9570ABA32B91717100508D7E /* AppDIContainer.swift */ = {isa = PBXFileReference; lastKnownFileType = sourcecode.swift; path = AppDIContainer.swift; sourceTree = "<group>"; };
		9570ABA52B91718400508D7E /* MainDIContainer.swift */ = {isa = PBXFileReference; lastKnownFileType = sourcecode.swift; path = MainDIContainer.swift; sourceTree = "<group>"; };
		9570ABA72B91719A00508D7E /* MainCoordinator.swift */ = {isa = PBXFileReference; lastKnownFileType = sourcecode.swift; path = MainCoordinator.swift; sourceTree = "<group>"; };
		9570ABA92B9177D900508D7E /* MainViewModel.swift */ = {isa = PBXFileReference; lastKnownFileType = sourcecode.swift; path = MainViewModel.swift; sourceTree = "<group>"; };
		9570ABAC2B9178DC00508D7E /* MainUseCase.swift */ = {isa = PBXFileReference; lastKnownFileType = sourcecode.swift; path = MainUseCase.swift; sourceTree = "<group>"; };
		9570ABAF2B91795D00508D7E /* MainRepositoryProtocol.swift */ = {isa = PBXFileReference; lastKnownFileType = sourcecode.swift; path = MainRepositoryProtocol.swift; sourceTree = "<group>"; };
		9570ABB22B917D5C00508D7E /* UINavigation+.swift */ = {isa = PBXFileReference; lastKnownFileType = sourcecode.swift; path = "UINavigation+.swift"; sourceTree = "<group>"; };
		9570ABB52B9185D200508D7E /* MainLayerView.swift */ = {isa = PBXFileReference; lastKnownFileType = sourcecode.swift; path = MainLayerView.swift; sourceTree = "<group>"; };
		9570ABB82B91869200508D7E /* RecentSearchCell.swift */ = {isa = PBXFileReference; lastKnownFileType = sourcecode.swift; path = RecentSearchCell.swift; sourceTree = "<group>"; };
		9570ABBC2B918E4B00508D7E /* ColorAsset.xcassets */ = {isa = PBXFileReference; lastKnownFileType = folder.assetcatalog; path = ColorAsset.xcassets; sourceTree = "<group>"; };
		9570ABBF2B91924600508D7E /* LeftAlignedCollectionViewFlowLayout.swift */ = {isa = PBXFileReference; lastKnownFileType = sourcecode.swift; path = LeftAlignedCollectionViewFlowLayout.swift; sourceTree = "<group>"; };
		9570ABC12B91953100508D7E /* CustomHeaderView.swift */ = {isa = PBXFileReference; lastKnownFileType = sourcecode.swift; path = CustomHeaderView.swift; sourceTree = "<group>"; };
		9570ABC32B91953900508D7E /* CustomFooterView.swift */ = {isa = PBXFileReference; lastKnownFileType = sourcecode.swift; path = CustomFooterView.swift; sourceTree = "<group>"; };
		95D5F1132B95F41500020483 /* RateLimiView.swift */ = {isa = PBXFileReference; lastKnownFileType = sourcecode.swift; path = RateLimiView.swift; sourceTree = "<group>"; };
		95DD7F5B2B916BD6002E8666 /* iosSearchApp.app */ = {isa = PBXFileReference; explicitFileType = wrapper.application; includeInIndex = 0; path = iosSearchApp.app; sourceTree = BUILT_PRODUCTS_DIR; };
		95DD7F5E2B916BD6002E8666 /* AppDelegate.swift */ = {isa = PBXFileReference; lastKnownFileType = sourcecode.swift; path = AppDelegate.swift; sourceTree = "<group>"; };
		95DD7F602B916BD6002E8666 /* SceneDelegate.swift */ = {isa = PBXFileReference; lastKnownFileType = sourcecode.swift; path = SceneDelegate.swift; sourceTree = "<group>"; };
		95DD7F622B916BD6002E8666 /* MainViewController.swift */ = {isa = PBXFileReference; lastKnownFileType = sourcecode.swift; path = MainViewController.swift; sourceTree = "<group>"; };
		95DD7F672B916BD6002E8666 /* Assets.xcassets */ = {isa = PBXFileReference; lastKnownFileType = folder.assetcatalog; path = Assets.xcassets; sourceTree = "<group>"; };
		95DD7F6A2B916BD6002E8666 /* Base */ = {isa = PBXFileReference; lastKnownFileType = file.storyboard; name = Base; path = Base.lproj/LaunchScreen.storyboard; sourceTree = "<group>"; };
		95DD7F6C2B916BD6002E8666 /* Info.plist */ = {isa = PBXFileReference; lastKnownFileType = text.plist.xml; path = Info.plist; sourceTree = "<group>"; };
		A19D0B836D554367C4E0F1AC /* Pods_iosSearchApp.framework */ = {isa = PBXFileReference; explicitFileType = wrapper.framework; includeInIndex = 0; path = Pods_iosSearchApp.framework; sourceTree = BUILT_PRODUCTS_DIR; };
/* End PBXFileReference section */

/* Begin PBXFrameworksBuildPhase section */
		95DD7F582B916BD6002E8666 /* Frameworks */ = {
			isa = PBXFrameworksBuildPhase;
			buildActionMask = 2147483647;
			files = (
				EF3209390A54C32636E19D89 /* Pods_iosSearchApp.framework in Frameworks */,
			);
			runOnlyForDeploymentPostprocessing = 0;
		};
/* End PBXFrameworksBuildPhase section */

/* Begin PBXGroup section */
		7DD0C2DC77CE62B3DE06BA23 /* Pods */ = {
			isa = PBXGroup;
			children = (
				0E7977BC12C244BC0EB30175 /* Pods-iosSearchApp.debug.xcconfig */,
				15820D598A0B89476B9A3330 /* Pods-iosSearchApp.release.xcconfig */,
			);
			path = Pods;
			sourceTree = "<group>";
		};
		951F7BA62B935760008B5808 /* SearchUpdate */ = {
			isa = PBXGroup;
			children = (
				951F7BA82B935769008B5808 /* View */,
			);
			path = SearchUpdate;
			sourceTree = "<group>";
		};
		951F7BA82B935769008B5808 /* View */ = {
			isa = PBXGroup;
			children = (
				951F7BEA2B9437A4008B5808 /* Cell */,
			);
			path = View;
			sourceTree = "<group>";
		};
		951F7BB52B9362EF008B5808 /* Network */ = {
			isa = PBXGroup;
			children = (
				951F7BB62B9362FB008B5808 /* BaseTargetType.swift */,
				951F7BB82B936323008B5808 /* Network.swift */,
				951F7BBA2B93633D008B5808 /* NetworkURL.swift */,
			);
			path = Network;
			sourceTree = "<group>";
		};
		951F7BBC2B936373008B5808 /* Repositories  */ = {
			isa = PBXGroup;
			children = (
				951F7BBD2B936399008B5808 /* MainRepository.swift */,
			);
			path = "Repositories ";
			sourceTree = "<group>";
		};
		951F7BBF2B93640A008B5808 /* KeywordResult */ = {
			isa = PBXGroup;
			children = (
				951F7BC02B93641C008B5808 /* KeywordResultAPI.swift */,
				951F7BC22B936451008B5808 /* ResultTargetType.swift */,
				951F7BC42B936474008B5808 /* RequestDTO.swift */,
			);
			path = KeywordResult;
			sourceTree = "<group>";
		};
		951F7BC62B936556008B5808 /* Entities */ = {
			isa = PBXGroup;
			children = (
				951F7BC72B936564008B5808 /* Result */,
			);
			path = Entities;
			sourceTree = "<group>";
		};
		951F7BC72B936564008B5808 /* Result */ = {
			isa = PBXGroup;
			children = (
				951F7BC82B936576008B5808 /* ResultResponseDTO.swift */,
			);
			path = Result;
			sourceTree = "<group>";
		};
		951F7BE22B943275008B5808 /* UserDefaults */ = {
			isa = PBXGroup;
			children = (
				951F7BE32B94328D008B5808 /* UserDefaultsManasger.swift */,
			);
			path = UserDefaults;
			sourceTree = "<group>";
		};
		951F7BEA2B9437A4008B5808 /* Cell */ = {
			isa = PBXGroup;
			children = (
				951F7BEB2B9437B2008B5808 /* SearchUpdateCell.swift */,
			);
			path = Cell;
			sourceTree = "<group>";
		};
		951F7BEE2B943C43008B5808 /* Result */ = {
			isa = PBXGroup;
			children = (
				951F7BF82B946E60008B5808 /* ViewModel */,
				951F7BEF2B943C4B008B5808 /* View */,
				951F7BFF2B9485BF008B5808 /* ResultViewController.swift */,
			);
			path = Result;
			sourceTree = "<group>";
		};
		951F7BEF2B943C4B008B5808 /* View */ = {
			isa = PBXGroup;
			children = (
				951F7BF02B943C55008B5808 /* Layer */,
			);
			path = View;
			sourceTree = "<group>";
		};
		951F7BF02B943C55008B5808 /* Layer */ = {
			isa = PBXGroup;
			children = (
				951F7BF52B946C94008B5808 /* Cell */,
				951F7BE82B9435A6008B5808 /* ResultLayerView.swift */,
				669896952B95891200FD22EA /* IndicatorFooterView.swift */,
				669896972B958D1100FD22EA /* ItemIndexable.swift */,
				95D5F1132B95F41500020483 /* RateLimiView.swift */,
			);
			path = Layer;
			sourceTree = "<group>";
		};
		951F7BF52B946C94008B5808 /* Cell */ = {
			isa = PBXGroup;
			children = (
				951F7BF62B946CA3008B5808 /* ResultCell.swift */,
			);
			path = Cell;
			sourceTree = "<group>";
		};
		951F7BF82B946E60008B5808 /* ViewModel */ = {
			isa = PBXGroup;
			children = (
				951F7BF92B946E72008B5808 /* ResultViewModel.swift */,
			);
			path = ViewModel;
			sourceTree = "<group>";
		};
		951F7C032B9495C0008B5808 /* WebView */ = {
			isa = PBXGroup;
			children = (
				951F7C092B949630008B5808 /* View */,
				951F7C062B94961F008B5808 /* ViewModel */,
			);
			path = WebView;
			sourceTree = "<group>";
		};
		951F7C062B94961F008B5808 /* ViewModel */ = {
			isa = PBXGroup;
			children = (
				951F7C072B94962B008B5808 /* WebViewModel.swift */,
			);
			path = ViewModel;
			sourceTree = "<group>";
		};
		951F7C092B949630008B5808 /* View */ = {
			isa = PBXGroup;
			children = (
				951F7C042B9495D4008B5808 /* WebViewController.swift */,
			);
			path = View;
			sourceTree = "<group>";
		};
		9570AB962B916FB600508D7E /* Application */ = {
			isa = PBXGroup;
			children = (
				95DD7F5E2B916BD6002E8666 /* AppDelegate.swift */,
				95DD7F602B916BD6002E8666 /* SceneDelegate.swift */,
				9570ABA02B91710300508D7E /* Coordinator */,
				9570AB9F2B9170E800508D7E /* DIContainer */,
			);
			path = Application;
			sourceTree = "<group>";
		};
		9570AB972B916FBC00508D7E /* Domain */ = {
			isa = PBXGroup;
			children = (
				951F7BC62B936556008B5808 /* Entities */,
				9570ABAE2B91794F00508D7E /* Repository */,
				9570ABAB2B9178D200508D7E /* UseCase */,
			);
			path = Domain;
			sourceTree = "<group>";
		};
		9570AB982B916FC100508D7E /* Presentation */ = {
			isa = PBXGroup;
			children = (
				951F7C032B9495C0008B5808 /* WebView */,
				9570AB9B2B916FFF00508D7E /* Main */,
				951F7BA62B935760008B5808 /* SearchUpdate */,
				951F7BEE2B943C43008B5808 /* Result */,
			);
			path = Presentation;
			sourceTree = "<group>";
		};
		9570AB992B916FCF00508D7E /* Data */ = {
			isa = PBXGroup;
			children = (
				951F7BBF2B93640A008B5808 /* KeywordResult */,
				951F7BB52B9362EF008B5808 /* Network */,
				951F7BBC2B936373008B5808 /* Repositories  */,
			);
			path = Data;
			sourceTree = "<group>";
		};
		9570AB9A2B916FD400508D7E /* Util */ = {
			isa = PBXGroup;
			children = (
				9570ABB12B917D4F00508D7E /* Extention */,
				951F7BE22B943275008B5808 /* UserDefaults */,
			);
			path = Util;
			sourceTree = "<group>";
		};
		9570AB9B2B916FFF00508D7E /* Main */ = {
			isa = PBXGroup;
			children = (
				9570AB9D2B91700900508D7E /* Model */,
				9570AB9C2B91700400508D7E /* View */,
				9570AB9E2B91701000508D7E /* ViewModel */,
			);
			path = Main;
			sourceTree = "<group>";
		};
		9570AB9C2B91700400508D7E /* View */ = {
			isa = PBXGroup;
			children = (
				9570ABB72B91867B00508D7E /* Cell */,
				9570ABB42B9185BA00508D7E /* Layer */,
				95DD7F622B916BD6002E8666 /* MainViewController.swift */,
				951F7BB32B935EBF008B5808 /* MainVC+Search.swift */,
				951F7BF32B94483C008B5808 /* MainVC+Delegate.swift */,
			);
			path = View;
			sourceTree = "<group>";
		};
		9570AB9D2B91700900508D7E /* Model */ = {
			isa = PBXGroup;
			children = (
				951F7B9A2B931912008B5808 /* SectionModel.swift */,
			);
			path = Model;
			sourceTree = "<group>";
		};
		9570AB9E2B91701000508D7E /* ViewModel */ = {
			isa = PBXGroup;
			children = (
				9570ABA92B9177D900508D7E /* MainViewModel.swift */,
			);
			path = ViewModel;
			sourceTree = "<group>";
		};
		9570AB9F2B9170E800508D7E /* DIContainer */ = {
			isa = PBXGroup;
			children = (
				9570ABA32B91717100508D7E /* AppDIContainer.swift */,
				9570ABA52B91718400508D7E /* MainDIContainer.swift */,
				951F7C0A2B9497F0008B5808 /* WebDIContainer.swift */,
			);
			path = DIContainer;
			sourceTree = "<group>";
		};
		9570ABA02B91710300508D7E /* Coordinator */ = {
			isa = PBXGroup;
			children = (
				9570ABA12B91712700508D7E /* AppFlowCoordinator.swift */,
				9570ABA72B91719A00508D7E /* MainCoordinator.swift */,
				951F7C012B94953B008B5808 /* WebViewCoordinator.swift */,
			);
			path = Coordinator;
			sourceTree = "<group>";
		};
		9570ABAB2B9178D200508D7E /* UseCase */ = {
			isa = PBXGroup;
			children = (
				9570ABAC2B9178DC00508D7E /* MainUseCase.swift */,
			);
			path = UseCase;
			sourceTree = "<group>";
		};
		9570ABAE2B91794F00508D7E /* Repository */ = {
			isa = PBXGroup;
			children = (
				9570ABAF2B91795D00508D7E /* MainRepositoryProtocol.swift */,
			);
			path = Repository;
			sourceTree = "<group>";
		};
		9570ABB12B917D4F00508D7E /* Extention */ = {
			isa = PBXGroup;
			children = (
				9570ABB22B917D5C00508D7E /* UINavigation+.swift */,
				9570ABBF2B91924600508D7E /* LeftAlignedCollectionViewFlowLayout.swift */,
				951F7BFD2B947EB3008B5808 /* Encodable.swift */,
			);
			path = Extention;
			sourceTree = "<group>";
		};
		9570ABB42B9185BA00508D7E /* Layer */ = {
			isa = PBXGroup;
			children = (
				9570ABB52B9185D200508D7E /* MainLayerView.swift */,
				9570ABC12B91953100508D7E /* CustomHeaderView.swift */,
				9570ABC32B91953900508D7E /* CustomFooterView.swift */,
			);
			path = Layer;
			sourceTree = "<group>";
		};
		9570ABB72B91867B00508D7E /* Cell */ = {
			isa = PBXGroup;
			children = (
				9570ABB82B91869200508D7E /* RecentSearchCell.swift */,
			);
			path = Cell;
			sourceTree = "<group>";
		};
		95DD7F522B916BD6002E8666 = {
			isa = PBXGroup;
			children = (
				95DD7F5D2B916BD6002E8666 /* iosSearchApp */,
				95DD7F5C2B916BD6002E8666 /* Products */,
				7DD0C2DC77CE62B3DE06BA23 /* Pods */,
				ED6C808260134D9C566A10CD /* Frameworks */,
			);
			sourceTree = "<group>";
		};
		95DD7F5C2B916BD6002E8666 /* Products */ = {
			isa = PBXGroup;
			children = (
				95DD7F5B2B916BD6002E8666 /* iosSearchApp.app */,
			);
			name = Products;
			sourceTree = "<group>";
		};
		95DD7F5D2B916BD6002E8666 /* iosSearchApp */ = {
			isa = PBXGroup;
			children = (
				95DD7F6C2B916BD6002E8666 /* Info.plist */,
				95DD7F672B916BD6002E8666 /* Assets.xcassets */,
				9570ABBC2B918E4B00508D7E /* ColorAsset.xcassets */,
				95DD7F692B916BD6002E8666 /* LaunchScreen.storyboard */,
				9570AB962B916FB600508D7E /* Application */,
				9570AB972B916FBC00508D7E /* Domain */,
				9570AB982B916FC100508D7E /* Presentation */,
				9570AB992B916FCF00508D7E /* Data */,
				9570AB9A2B916FD400508D7E /* Util */,
			);
			path = iosSearchApp;
			sourceTree = "<group>";
		};
		ED6C808260134D9C566A10CD /* Frameworks */ = {
			isa = PBXGroup;
			children = (
				A19D0B836D554367C4E0F1AC /* Pods_iosSearchApp.framework */,
			);
			name = Frameworks;
			sourceTree = "<group>";
		};
/* End PBXGroup section */

/* Begin PBXNativeTarget section */
		95DD7F5A2B916BD6002E8666 /* iosSearchApp */ = {
			isa = PBXNativeTarget;
			buildConfigurationList = 95DD7F6F2B916BD6002E8666 /* Build configuration list for PBXNativeTarget "iosSearchApp" */;
			buildPhases = (
				EF19AF51E13EE691C83B9090 /* [CP] Check Pods Manifest.lock */,
				95DD7F572B916BD6002E8666 /* Sources */,
				95DD7F582B916BD6002E8666 /* Frameworks */,
				95DD7F592B916BD6002E8666 /* Resources */,
				E81C5421DB1E8D142D49DA20 /* [CP] Embed Pods Frameworks */,
			);
			buildRules = (
			);
			dependencies = (
			);
			name = iosSearchApp;
			productName = iosSearchApp;
			productReference = 95DD7F5B2B916BD6002E8666 /* iosSearchApp.app */;
			productType = "com.apple.product-type.application";
		};
/* End PBXNativeTarget section */

/* Begin PBXProject section */
		95DD7F532B916BD6002E8666 /* Project object */ = {
			isa = PBXProject;
			attributes = {
				BuildIndependentTargetsInParallel = 1;
				LastSwiftUpdateCheck = 1410;
				LastUpgradeCheck = 1410;
				TargetAttributes = {
					95DD7F5A2B916BD6002E8666 = {
						CreatedOnToolsVersion = 14.1;
					};
				};
			};
			buildConfigurationList = 95DD7F562B916BD6002E8666 /* Build configuration list for PBXProject "iosSearchApp" */;
			compatibilityVersion = "Xcode 14.0";
			developmentRegion = en;
			hasScannedForEncodings = 0;
			knownRegions = (
				en,
				Base,
			);
			mainGroup = 95DD7F522B916BD6002E8666;
			productRefGroup = 95DD7F5C2B916BD6002E8666 /* Products */;
			projectDirPath = "";
			projectRoot = "";
			targets = (
				95DD7F5A2B916BD6002E8666 /* iosSearchApp */,
			);
		};
/* End PBXProject section */

/* Begin PBXResourcesBuildPhase section */
		95DD7F592B916BD6002E8666 /* Resources */ = {
			isa = PBXResourcesBuildPhase;
			buildActionMask = 2147483647;
			files = (
				9570ABBD2B918E4B00508D7E /* ColorAsset.xcassets in Resources */,
				95DD7F6B2B916BD6002E8666 /* LaunchScreen.storyboard in Resources */,
				95DD7F682B916BD6002E8666 /* Assets.xcassets in Resources */,
			);
			runOnlyForDeploymentPostprocessing = 0;
		};
/* End PBXResourcesBuildPhase section */

/* Begin PBXShellScriptBuildPhase section */
		E81C5421DB1E8D142D49DA20 /* [CP] Embed Pods Frameworks */ = {
			isa = PBXShellScriptBuildPhase;
			buildActionMask = 2147483647;
			files = (
			);
			inputFileListPaths = (
				"${PODS_ROOT}/Target Support Files/Pods-iosSearchApp/Pods-iosSearchApp-frameworks-${CONFIGURATION}-input-files.xcfilelist",
			);
			name = "[CP] Embed Pods Frameworks";
			outputFileListPaths = (
				"${PODS_ROOT}/Target Support Files/Pods-iosSearchApp/Pods-iosSearchApp-frameworks-${CONFIGURATION}-output-files.xcfilelist",
			);
			runOnlyForDeploymentPostprocessing = 0;
			shellPath = /bin/sh;
			shellScript = "\"${PODS_ROOT}/Target Support Files/Pods-iosSearchApp/Pods-iosSearchApp-frameworks.sh\"\n";
			showEnvVarsInLog = 0;
		};
		EF19AF51E13EE691C83B9090 /* [CP] Check Pods Manifest.lock */ = {
			isa = PBXShellScriptBuildPhase;
			buildActionMask = 2147483647;
			files = (
			);
			inputFileListPaths = (
			);
			inputPaths = (
				"${PODS_PODFILE_DIR_PATH}/Podfile.lock",
				"${PODS_ROOT}/Manifest.lock",
			);
			name = "[CP] Check Pods Manifest.lock";
			outputFileListPaths = (
			);
			outputPaths = (
				"$(DERIVED_FILE_DIR)/Pods-iosSearchApp-checkManifestLockResult.txt",
			);
			runOnlyForDeploymentPostprocessing = 0;
			shellPath = /bin/sh;
			shellScript = "diff \"${PODS_PODFILE_DIR_PATH}/Podfile.lock\" \"${PODS_ROOT}/Manifest.lock\" > /dev/null\nif [ $? != 0 ] ; then\n    # print error to STDERR\n    echo \"error: The sandbox is not in sync with the Podfile.lock. Run 'pod install' or update your CocoaPods installation.\" >&2\n    exit 1\nfi\n# This output is used by Xcode 'outputs' to avoid re-running this script phase.\necho \"SUCCESS\" > \"${SCRIPT_OUTPUT_FILE_0}\"\n";
			showEnvVarsInLog = 0;
		};
/* End PBXShellScriptBuildPhase section */

/* Begin PBXSourcesBuildPhase section */
		95DD7F572B916BD6002E8666 /* Sources */ = {
			isa = PBXSourcesBuildPhase;
			buildActionMask = 2147483647;
			files = (
				9570ABC22B91953100508D7E /* CustomHeaderView.swift in Sources */,
				951F7BFA2B946E72008B5808 /* ResultViewModel.swift in Sources */,
				9570ABA22B91712700508D7E /* AppFlowCoordinator.swift in Sources */,
				9570ABA82B91719A00508D7E /* MainCoordinator.swift in Sources */,
				9570ABB92B91869200508D7E /* RecentSearchCell.swift in Sources */,
				669896962B95891200FD22EA /* IndicatorFooterView.swift in Sources */,
				9570ABA62B91718400508D7E /* MainDIContainer.swift in Sources */,
				951F7BE42B94328D008B5808 /* UserDefaultsManasger.swift in Sources */,
				95DD7F632B916BD6002E8666 /* MainViewController.swift in Sources */,
				951F7BEC2B9437B2008B5808 /* SearchUpdateCell.swift in Sources */,
				9570ABB02B91795D00508D7E /* MainRepositoryProtocol.swift in Sources */,
				951F7BBE2B936399008B5808 /* MainRepository.swift in Sources */,
				95D5F1142B95F41500020483 /* RateLimiView.swift in Sources */,
				951F7BE92B9435A6008B5808 /* ResultLayerView.swift in Sources */,
				9570ABA42B91717100508D7E /* AppDIContainer.swift in Sources */,
				95DD7F5F2B916BD6002E8666 /* AppDelegate.swift in Sources */,
				951F7C082B94962B008B5808 /* WebViewModel.swift in Sources */,
				9570ABC02B91924600508D7E /* LeftAlignedCollectionViewFlowLayout.swift in Sources */,
				669896982B958D1100FD22EA /* ItemIndexable.swift in Sources */,
				951F7C022B94953B008B5808 /* WebViewCoordinator.swift in Sources */,
				951F7BB42B935EBF008B5808 /* MainVC+Search.swift in Sources */,
				951F7B9B2B931912008B5808 /* SectionModel.swift in Sources */,
				951F7BF42B94483C008B5808 /* MainVC+Delegate.swift in Sources */,
				951F7C052B9495D4008B5808 /* WebViewController.swift in Sources */,
				951F7C0B2B9497F0008B5808 /* WebDIContainer.swift in Sources */,
				951F7BB92B936323008B5808 /* Network.swift in Sources */,
				951F7BC12B93641C008B5808 /* KeywordResultAPI.swift in Sources */,
				95DD7F612B916BD6002E8666 /* SceneDelegate.swift in Sources */,
				951F7BC52B936474008B5808 /* RequestDTO.swift in Sources */,
				9570ABAA2B9177D900508D7E /* MainViewModel.swift in Sources */,
				951F7BB72B9362FB008B5808 /* BaseTargetType.swift in Sources */,
				951F7BC32B936451008B5808 /* ResultTargetType.swift in Sources */,
				951F7C002B9485BF008B5808 /* ResultViewController.swift in Sources */,
				951F7BF72B946CA3008B5808 /* ResultCell.swift in Sources */,
				951F7BC92B936576008B5808 /* ResultResponseDTO.swift in Sources */,
				951F7BFE2B947EB3008B5808 /* Encodable.swift in Sources */,
				9570ABB32B917D5C00508D7E /* UINavigation+.swift in Sources */,
				9570ABC42B91953900508D7E /* CustomFooterView.swift in Sources */,
				9570ABAD2B9178DC00508D7E /* MainUseCase.swift in Sources */,
				951F7BBB2B93633D008B5808 /* NetworkURL.swift in Sources */,
				9570ABB62B9185D200508D7E /* MainLayerView.swift in Sources */,
			);
			runOnlyForDeploymentPostprocessing = 0;
		};
/* End PBXSourcesBuildPhase section */

/* Begin PBXVariantGroup section */
		95DD7F692B916BD6002E8666 /* LaunchScreen.storyboard */ = {
			isa = PBXVariantGroup;
			children = (
				95DD7F6A2B916BD6002E8666 /* Base */,
			);
			name = LaunchScreen.storyboard;
			sourceTree = "<group>";
		};
/* End PBXVariantGroup section */

/* Begin XCBuildConfiguration section */
		95DD7F6D2B916BD6002E8666 /* Debug */ = {
			isa = XCBuildConfiguration;
			buildSettings = {
				ALWAYS_SEARCH_USER_PATHS = NO;
				CLANG_ANALYZER_NONNULL = YES;
				CLANG_ANALYZER_NUMBER_OBJECT_CONVERSION = YES_AGGRESSIVE;
				CLANG_CXX_LANGUAGE_STANDARD = "gnu++20";
				CLANG_ENABLE_MODULES = YES;
				CLANG_ENABLE_OBJC_ARC = YES;
				CLANG_ENABLE_OBJC_WEAK = YES;
				CLANG_WARN_BLOCK_CAPTURE_AUTORELEASING = YES;
				CLANG_WARN_BOOL_CONVERSION = YES;
				CLANG_WARN_COMMA = YES;
				CLANG_WARN_CONSTANT_CONVERSION = YES;
				CLANG_WARN_DEPRECATED_OBJC_IMPLEMENTATIONS = YES;
				CLANG_WARN_DIRECT_OBJC_ISA_USAGE = YES_ERROR;
				CLANG_WARN_DOCUMENTATION_COMMENTS = YES;
				CLANG_WARN_EMPTY_BODY = YES;
				CLANG_WARN_ENUM_CONVERSION = YES;
				CLANG_WARN_INFINITE_RECURSION = YES;
				CLANG_WARN_INT_CONVERSION = YES;
				CLANG_WARN_NON_LITERAL_NULL_CONVERSION = YES;
				CLANG_WARN_OBJC_IMPLICIT_RETAIN_SELF = YES;
				CLANG_WARN_OBJC_LITERAL_CONVERSION = YES;
				CLANG_WARN_OBJC_ROOT_CLASS = YES_ERROR;
				CLANG_WARN_QUOTED_INCLUDE_IN_FRAMEWORK_HEADER = YES;
				CLANG_WARN_RANGE_LOOP_ANALYSIS = YES;
				CLANG_WARN_STRICT_PROTOTYPES = YES;
				CLANG_WARN_SUSPICIOUS_MOVE = YES;
				CLANG_WARN_UNGUARDED_AVAILABILITY = YES_AGGRESSIVE;
				CLANG_WARN_UNREACHABLE_CODE = YES;
				CLANG_WARN__DUPLICATE_METHOD_MATCH = YES;
				COPY_PHASE_STRIP = NO;
				DEBUG_INFORMATION_FORMAT = dwarf;
				ENABLE_STRICT_OBJC_MSGSEND = YES;
				ENABLE_TESTABILITY = YES;
				GCC_C_LANGUAGE_STANDARD = gnu11;
				GCC_DYNAMIC_NO_PIC = NO;
				GCC_NO_COMMON_BLOCKS = YES;
				GCC_OPTIMIZATION_LEVEL = 0;
				GCC_PREPROCESSOR_DEFINITIONS = (
					"DEBUG=1",
					"$(inherited)",
				);
				GCC_WARN_64_TO_32_BIT_CONVERSION = YES;
				GCC_WARN_ABOUT_RETURN_TYPE = YES_ERROR;
				GCC_WARN_UNDECLARED_SELECTOR = YES;
				GCC_WARN_UNINITIALIZED_AUTOS = YES_AGGRESSIVE;
				GCC_WARN_UNUSED_FUNCTION = YES;
				GCC_WARN_UNUSED_VARIABLE = YES;
				IPHONEOS_DEPLOYMENT_TARGET = 16.1;
				MTL_ENABLE_DEBUG_INFO = INCLUDE_SOURCE;
				MTL_FAST_MATH = YES;
				ONLY_ACTIVE_ARCH = YES;
				SDKROOT = iphoneos;
				SWIFT_ACTIVE_COMPILATION_CONDITIONS = DEBUG;
				SWIFT_OPTIMIZATION_LEVEL = "-Onone";
			};
			name = Debug;
		};
		95DD7F6E2B916BD6002E8666 /* Release */ = {
			isa = XCBuildConfiguration;
			buildSettings = {
				ALWAYS_SEARCH_USER_PATHS = NO;
				CLANG_ANALYZER_NONNULL = YES;
				CLANG_ANALYZER_NUMBER_OBJECT_CONVERSION = YES_AGGRESSIVE;
				CLANG_CXX_LANGUAGE_STANDARD = "gnu++20";
				CLANG_ENABLE_MODULES = YES;
				CLANG_ENABLE_OBJC_ARC = YES;
				CLANG_ENABLE_OBJC_WEAK = YES;
				CLANG_WARN_BLOCK_CAPTURE_AUTORELEASING = YES;
				CLANG_WARN_BOOL_CONVERSION = YES;
				CLANG_WARN_COMMA = YES;
				CLANG_WARN_CONSTANT_CONVERSION = YES;
				CLANG_WARN_DEPRECATED_OBJC_IMPLEMENTATIONS = YES;
				CLANG_WARN_DIRECT_OBJC_ISA_USAGE = YES_ERROR;
				CLANG_WARN_DOCUMENTATION_COMMENTS = YES;
				CLANG_WARN_EMPTY_BODY = YES;
				CLANG_WARN_ENUM_CONVERSION = YES;
				CLANG_WARN_INFINITE_RECURSION = YES;
				CLANG_WARN_INT_CONVERSION = YES;
				CLANG_WARN_NON_LITERAL_NULL_CONVERSION = YES;
				CLANG_WARN_OBJC_IMPLICIT_RETAIN_SELF = YES;
				CLANG_WARN_OBJC_LITERAL_CONVERSION = YES;
				CLANG_WARN_OBJC_ROOT_CLASS = YES_ERROR;
				CLANG_WARN_QUOTED_INCLUDE_IN_FRAMEWORK_HEADER = YES;
				CLANG_WARN_RANGE_LOOP_ANALYSIS = YES;
				CLANG_WARN_STRICT_PROTOTYPES = YES;
				CLANG_WARN_SUSPICIOUS_MOVE = YES;
				CLANG_WARN_UNGUARDED_AVAILABILITY = YES_AGGRESSIVE;
				CLANG_WARN_UNREACHABLE_CODE = YES;
				CLANG_WARN__DUPLICATE_METHOD_MATCH = YES;
				COPY_PHASE_STRIP = NO;
				DEBUG_INFORMATION_FORMAT = "dwarf-with-dsym";
				ENABLE_NS_ASSERTIONS = NO;
				ENABLE_STRICT_OBJC_MSGSEND = YES;
				GCC_C_LANGUAGE_STANDARD = gnu11;
				GCC_NO_COMMON_BLOCKS = YES;
				GCC_WARN_64_TO_32_BIT_CONVERSION = YES;
				GCC_WARN_ABOUT_RETURN_TYPE = YES_ERROR;
				GCC_WARN_UNDECLARED_SELECTOR = YES;
				GCC_WARN_UNINITIALIZED_AUTOS = YES_AGGRESSIVE;
				GCC_WARN_UNUSED_FUNCTION = YES;
				GCC_WARN_UNUSED_VARIABLE = YES;
				IPHONEOS_DEPLOYMENT_TARGET = 16.1;
				MTL_ENABLE_DEBUG_INFO = NO;
				MTL_FAST_MATH = YES;
				SDKROOT = iphoneos;
				SWIFT_COMPILATION_MODE = wholemodule;
				SWIFT_OPTIMIZATION_LEVEL = "-O";
				VALIDATE_PRODUCT = YES;
			};
			name = Release;
		};
		95DD7F702B916BD6002E8666 /* Debug */ = {
			isa = XCBuildConfiguration;
			baseConfigurationReference = 0E7977BC12C244BC0EB30175 /* Pods-iosSearchApp.debug.xcconfig */;
			buildSettings = {
				ASSETCATALOG_COMPILER_APPICON_NAME = AppIcon;
				ASSETCATALOG_COMPILER_GLOBAL_ACCENT_COLOR_NAME = AccentColor;
				CODE_SIGN_STYLE = Automatic;
				CURRENT_PROJECT_VERSION = 1;
				DEVELOPMENT_TEAM = T6WA9VYW57;
				GENERATE_INFOPLIST_FILE = YES;
				INFOPLIST_FILE = iosSearchApp/Info.plist;
				INFOPLIST_KEY_UIApplicationSupportsIndirectInputEvents = YES;
				INFOPLIST_KEY_UILaunchStoryboardName = LaunchScreen;
				INFOPLIST_KEY_UISupportedInterfaceOrientations_iPad = "UIInterfaceOrientationPortrait UIInterfaceOrientationPortraitUpsideDown UIInterfaceOrientationLandscapeLeft UIInterfaceOrientationLandscapeRight";
				INFOPLIST_KEY_UISupportedInterfaceOrientations_iPhone = "UIInterfaceOrientationPortrait UIInterfaceOrientationLandscapeLeft UIInterfaceOrientationLandscapeRight";
				IPHONEOS_DEPLOYMENT_TARGET = 15.0;
				LD_RUNPATH_SEARCH_PATHS = (
					"$(inherited)",
					"@executable_path/Frameworks",
				);
				MARKETING_VERSION = 1.0;
				PRODUCT_BUNDLE_IDENTIFIER = com.eunjin.iosSearchApp;
				PRODUCT_NAME = "$(TARGET_NAME)";
				SWIFT_EMIT_LOC_STRINGS = YES;
				SWIFT_VERSION = 5.0;
				TARGETED_DEVICE_FAMILY = "1,2";
			};
			name = Debug;
		};
		95DD7F712B916BD6002E8666 /* Release */ = {
			isa = XCBuildConfiguration;
			baseConfigurationReference = 15820D598A0B89476B9A3330 /* Pods-iosSearchApp.release.xcconfig */;
			buildSettings = {
				ASSETCATALOG_COMPILER_APPICON_NAME = AppIcon;
				ASSETCATALOG_COMPILER_GLOBAL_ACCENT_COLOR_NAME = AccentColor;
				CODE_SIGN_STYLE = Automatic;
				CURRENT_PROJECT_VERSION = 1;
				DEVELOPMENT_TEAM = T6WA9VYW57;
				GENERATE_INFOPLIST_FILE = YES;
				INFOPLIST_FILE = iosSearchApp/Info.plist;
				INFOPLIST_KEY_UIApplicationSupportsIndirectInputEvents = YES;
				INFOPLIST_KEY_UILaunchStoryboardName = LaunchScreen;
				INFOPLIST_KEY_UISupportedInterfaceOrientations_iPad = "UIInterfaceOrientationPortrait UIInterfaceOrientationPortraitUpsideDown UIInterfaceOrientationLandscapeLeft UIInterfaceOrientationLandscapeRight";
				INFOPLIST_KEY_UISupportedInterfaceOrientations_iPhone = "UIInterfaceOrientationPortrait UIInterfaceOrientationLandscapeLeft UIInterfaceOrientationLandscapeRight";
				IPHONEOS_DEPLOYMENT_TARGET = 15.0;
				LD_RUNPATH_SEARCH_PATHS = (
					"$(inherited)",
					"@executable_path/Frameworks",
				);
				MARKETING_VERSION = 1.0;
				PRODUCT_BUNDLE_IDENTIFIER = com.eunjin.iosSearchApp;
				PRODUCT_NAME = "$(TARGET_NAME)";
				SWIFT_EMIT_LOC_STRINGS = YES;
				SWIFT_VERSION = 5.0;
				TARGETED_DEVICE_FAMILY = "1,2";
			};
			name = Release;
		};
/* End XCBuildConfiguration section */

/* Begin XCConfigurationList section */
		95DD7F562B916BD6002E8666 /* Build configuration list for PBXProject "iosSearchApp" */ = {
			isa = XCConfigurationList;
			buildConfigurations = (
				95DD7F6D2B916BD6002E8666 /* Debug */,
				95DD7F6E2B916BD6002E8666 /* Release */,
			);
			defaultConfigurationIsVisible = 0;
			defaultConfigurationName = Release;
		};
		95DD7F6F2B916BD6002E8666 /* Build configuration list for PBXNativeTarget "iosSearchApp" */ = {
			isa = XCConfigurationList;
			buildConfigurations = (
				95DD7F702B916BD6002E8666 /* Debug */,
				95DD7F712B916BD6002E8666 /* Release */,
			);
			defaultConfigurationIsVisible = 0;
			defaultConfigurationName = Release;
		};
/* End XCConfigurationList section */
	};
	rootObject = 95DD7F532B916BD6002E8666 /* Project object */;
}
